
Microsoft Visual Studio Solution File, Format Version 12.00
# Visual Studio Version 16
VisualStudioVersion = 16.0.29911.84
MinimumVisualStudioVersion = 10.0.40219.1
Project("{FAE04EC0-301F-11D3-BF4B-00C04F79EFBC}") = "Base_Number_Conversion", "Base_Number_Conversion\Base_Number_Conversion.csproj", "{A5460A5E-C4C3-4483-9809-CBBC3394AD11}"
EndProject
Global
	GlobalSection(SolutionConfigurationPlatforms) = preSolution
		Debug|Any CPU = Debug|Any CPU
		Release|Any CPU = Release|Any CPU
	EndGlobalSection
	GlobalSection(ProjectConfigurationPlatforms) = postSolution
		{A5460A5E-C4C3-4483-9809-CBBC3394AD11}.Debug|Any CPU.ActiveCfg = Debug|Any CPU
		{A5460A5E-C4C3-4483-9809-CBBC3394AD11}.Debug|Any CPU.Build.0 = Debug|Any CPU
		{A5460A5E-C4C3-4483-9809-CBBC3394AD11}.Release|Any CPU.ActiveCfg = Release|Any CPU
		{A5460A5E-C4C3-4483-9809-CBBC3394AD11}.Release|Any CPU.Build.0 = Release|Any CPU
	EndGlobalSection
	GlobalSection(SolutionProperties) = preSolution
		HideSolutionNode = FALSE
	EndGlobalSection
	GlobalSection(ExtensibilityGlobals) = postSolution
		SolutionGuid = {762F851A-BC30-4D17-AF3A-EAE24A02927E}
	EndGlobalSection
EndGlobal
